
Microsoft Visual Studio Solution File, Format Version 12.00
# Visual Studio Version 17
VisualStudioVersion = 17.3.32825.248
MinimumVisualStudioVersion = 10.0.40219.1
Project("{FAE04EC0-301F-11D3-BF4B-00C04F79EFBC}") = "CarSystemProjectAdmin", "CarSystemProjectAdmin\CarSystemProjectAdmin.csproj", "{CE6AD763-4219-4CE8-827F-B412915696CC}"
EndProject
Project("{FAE04EC0-301F-11D3-BF4B-00C04F79EFBC}") = "FrontEndApp", "FrontEndApp\FrontEndApp.csproj", "{646FD51F-663B-4D98-8D69-6EC833466384}"
EndProject
Global
	GlobalSection(SolutionConfigurationPlatforms) = preSolution
		Debug|Any CPU = Debug|Any CPU
		Release|Any CPU = Release|Any CPU
	EndGlobalSection
	GlobalSection(ProjectConfigurationPlatforms) = postSolution
		{CE6AD763-4219-4CE8-827F-B412915696CC}.Debug|Any CPU.ActiveCfg = Debug|Any CPU
		{CE6AD763-4219-4CE8-827F-B412915696CC}.Debug|Any CPU.Build.0 = Debug|Any CPU
		{CE6AD763-4219-4CE8-827F-B412915696CC}.Release|Any CPU.ActiveCfg = Release|Any CPU
		{CE6AD763-4219-4CE8-827F-B412915696CC}.Release|Any CPU.Build.0 = Release|Any CPU
		{646FD51F-663B-4D98-8D69-6EC833466384}.Debug|Any CPU.ActiveCfg = Debug|Any CPU
		{646FD51F-663B-4D98-8D69-6EC833466384}.Debug|Any CPU.Build.0 = Debug|Any CPU
		{646FD51F-663B-4D98-8D69-6EC833466384}.Release|Any CPU.ActiveCfg = Release|Any CPU
		{646FD51F-663B-4D98-8D69-6EC833466384}.Release|Any CPU.Build.0 = Release|Any CPU
	EndGlobalSection
	GlobalSection(SolutionProperties) = preSolution
		HideSolutionNode = FALSE
	EndGlobalSection
	GlobalSection(ExtensibilityGlobals) = postSolution
		SolutionGuid = {AAFCB5E5-D0A2-468D-89EF-A8903CDB7907}
	EndGlobalSection
EndGlobal
